
Microsoft Visual Studio Solution File, Format Version 12.00
# Visual Studio Version 17
VisualStudioVersion = 17.7.34024.191
MinimumVisualStudioVersion = 10.0.40219.1
Project("{9A19103F-16F7-4668-BE54-9A1E7A4F7556}") = "PrimerParcial", "PrimerParcial\PrimerParcial.csproj", "{6BB01529-1FBF-4D9E-B702-101F040D8304}"
EndProject
Project("{9A19103F-16F7-4668-BE54-9A1E7A4F7556}") = "Infraestructura", "Infraestructura\Infraestructura.csproj", "{B41A694B-15C3-4E16-ACB4-BB4FC92DE6CA}"
EndProject
Project("{9A19103F-16F7-4668-BE54-9A1E7A4F7556}") = "Servicios", "Servicios\Servicios.csproj", "{B0443DD2-7A4F-402A-B376-6852096E3CDC}"
EndProject
Project("{FAE04EC0-301F-11D3-BF4B-00C04F79EFBC}") = "API_Parcial", "API_Parcial\API_Parcial.csproj", "{AFBC0F2D-A7D2-4B54-AB3F-7CB069A9A809}"
EndProject
Global
	GlobalSection(SolutionConfigurationPlatforms) = preSolution
		Debug|Any CPU = Debug|Any CPU
		Release|Any CPU = Release|Any CPU
	EndGlobalSection
	GlobalSection(ProjectConfigurationPlatforms) = postSolution
		{6BB01529-1FBF-4D9E-B702-101F040D8304}.Debug|Any CPU.ActiveCfg = Debug|Any CPU
		{6BB01529-1FBF-4D9E-B702-101F040D8304}.Debug|Any CPU.Build.0 = Debug|Any CPU
		{6BB01529-1FBF-4D9E-B702-101F040D8304}.Release|Any CPU.ActiveCfg = Release|Any CPU
		{6BB01529-1FBF-4D9E-B702-101F040D8304}.Release|Any CPU.Build.0 = Release|Any CPU
		{B41A694B-15C3-4E16-ACB4-BB4FC92DE6CA}.Debug|Any CPU.ActiveCfg = Debug|Any CPU
		{B41A694B-15C3-4E16-ACB4-BB4FC92DE6CA}.Debug|Any CPU.Build.0 = Debug|Any CPU
		{B41A694B-15C3-4E16-ACB4-BB4FC92DE6CA}.Release|Any CPU.ActiveCfg = Release|Any CPU
		{B41A694B-15C3-4E16-ACB4-BB4FC92DE6CA}.Release|Any CPU.Build.0 = Release|Any CPU
		{B0443DD2-7A4F-402A-B376-6852096E3CDC}.Debug|Any CPU.ActiveCfg = Debug|Any CPU
		{B0443DD2-7A4F-402A-B376-6852096E3CDC}.Debug|Any CPU.Build.0 = Debug|Any CPU
		{B0443DD2-7A4F-402A-B376-6852096E3CDC}.Release|Any CPU.ActiveCfg = Release|Any CPU
		{B0443DD2-7A4F-402A-B376-6852096E3CDC}.Release|Any CPU.Build.0 = Release|Any CPU
		{AFBC0F2D-A7D2-4B54-AB3F-7CB069A9A809}.Debug|Any CPU.ActiveCfg = Debug|Any CPU
		{AFBC0F2D-A7D2-4B54-AB3F-7CB069A9A809}.Debug|Any CPU.Build.0 = Debug|Any CPU
		{AFBC0F2D-A7D2-4B54-AB3F-7CB069A9A809}.Release|Any CPU.ActiveCfg = Release|Any CPU
		{AFBC0F2D-A7D2-4B54-AB3F-7CB069A9A809}.Release|Any CPU.Build.0 = Release|Any CPU
	EndGlobalSection
	GlobalSection(SolutionProperties) = preSolution
		HideSolutionNode = FALSE
	EndGlobalSection
	GlobalSection(ExtensibilityGlobals) = postSolution
		SolutionGuid = {BBE456A6-10F3-456C-8AB4-E2CEEEE11A12}
	EndGlobalSection
EndGlobal
